// !$*UTF8*$!
{
	archiveVersion = 1;
	classes = {
	};
	objectVersion = 56;
	objects = {

/* Begin PBXBuildFile section */
		BE0791F82C0AEB0300424356 /* AdminMainView.swift in Sources */ = {isa = PBXBuildFile; fileRef = BE0791F72C0AEB0300424356 /* AdminMainView.swift */; };
		BE0791FD2C0AEB7900424356 /* DataModel.swift in Sources */ = {isa = PBXBuildFile; fileRef = BE0791FC2C0AEB7900424356 /* DataModel.swift */; };
		BE0792002C0B411900424356 /* isValidEmail.swift in Sources */ = {isa = PBXBuildFile; fileRef = BE0791FF2C0B411900424356 /* isValidEmail.swift */; };
		BE0792022C0B42B100424356 /* AdminHomeView.swift in Sources */ = {isa = PBXBuildFile; fileRef = BE0792012C0B42B100424356 /* AdminHomeView.swift */; };
		BE0792042C0B43AF00424356 /* AdminProfileView.swift in Sources */ = {isa = PBXBuildFile; fileRef = BE0792032C0B43AF00424356 /* AdminProfileView.swift */; };
		BE0792062C0B43F500424356 /* AssignLibrarian.swift in Sources */ = {isa = PBXBuildFile; fileRef = BE0792052C0B43F500424356 /* AssignLibrarian.swift */; };
		BE0792082C0B440000424356 /* AdminLibrariesView.swift in Sources */ = {isa = PBXBuildFile; fileRef = BE0792072C0B440000424356 /* AdminLibrariesView.swift */; };
		BE07920A2C0B44EE00424356 /* LibrarianMainView.swift in Sources */ = {isa = PBXBuildFile; fileRef = BE0792092C0B44EE00424356 /* LibrarianMainView.swift */; };
		BE07920C2C0B451600424356 /* LibrarianHomeView.swift in Sources */ = {isa = PBXBuildFile; fileRef = BE07920B2C0B451600424356 /* LibrarianHomeView.swift */; };
		BE07920E2C0B452200424356 /* LibrarianProfileView.swift in Sources */ = {isa = PBXBuildFile; fileRef = BE07920D2C0B452200424356 /* LibrarianProfileView.swift */; };
		BE0792122C0B461E00424356 /* roleDecider.swift in Sources */ = {isa = PBXBuildFile; fileRef = BE0792112C0B461E00424356 /* roleDecider.swift */; };
		BE0792162C0B4D4F00424356 /* loginUser.swift in Sources */ = {isa = PBXBuildFile; fileRef = BE0792152C0B4D4F00424356 /* loginUser.swift */; };
		BE2E47A82C0C3F5500804CA7 /* API_URL.swift in Sources */ = {isa = PBXBuildFile; fileRef = BE2E47A72C0C3F5500804CA7 /* API_URL.swift */; };
		BE2E47AA2C0C402000804CA7 /* Response.swift in Sources */ = {isa = PBXBuildFile; fileRef = BE2E47A92C0C402000804CA7 /* Response.swift */; };
		BE2E47AC2C0C7AE000804CA7 /* LibraryCard.swift in Sources */ = {isa = PBXBuildFile; fileRef = BE2E47AB2C0C7AE000804CA7 /* LibraryCard.swift */; };
		BE2E47AE2C0C851C00804CA7 /* AddLibrary.swift in Sources */ = {isa = PBXBuildFile; fileRef = BE2E47AD2C0C851C00804CA7 /* AddLibrary.swift */; };
		BE2E47B02C0CD0DF00804CA7 /* AddBookView.swift in Sources */ = {isa = PBXBuildFile; fileRef = BE2E47AF2C0CD0DF00804CA7 /* AddBookView.swift */; };
		BE2E47B22C0CF59000804CA7 /* MemberMainView.swift in Sources */ = {isa = PBXBuildFile; fileRef = BE2E47B12C0CF59000804CA7 /* MemberMainView.swift */; };
		BE2E47B42C0CF59D00804CA7 /* MemberHomeView.swift in Sources */ = {isa = PBXBuildFile; fileRef = BE2E47B32C0CF59D00804CA7 /* MemberHomeView.swift */; };
		BE2E47B62C0CF90300804CA7 /* AssignButton.swift in Sources */ = {isa = PBXBuildFile; fileRef = BE2E47B52C0CF90300804CA7 /* AssignButton.swift */; };
		BE3C93A72C0A35FE0020AF6B /* APINetwork.swift in Sources */ = {isa = PBXBuildFile; fileRef = BE3C93A62C0A35FE0020AF6B /* APINetwork.swift */; };
		BE6C0C4C2C0EC1D10008F986 /* isValidNumber.swift in Sources */ = {isa = PBXBuildFile; fileRef = BE6C0C4B2C0EC1D10008F986 /* isValidNumber.swift */; };
		BE6C0C4E2C0EC3890008F986 /* CustomLoader.swift in Sources */ = {isa = PBXBuildFile; fileRef = BE6C0C4D2C0EC3890008F986 /* CustomLoader.swift */; };
		BE6C0C502C0F05600008F986 /* getSetData.swift in Sources */ = {isa = PBXBuildFile; fileRef = BE6C0C4F2C0F05600008F986 /* getSetData.swift */; };
		BE6C0C522C0F195C0008F986 /* AdminLibraryDetailsView.swift in Sources */ = {isa = PBXBuildFile; fileRef = BE6C0C512C0F195C0008F986 /* AdminLibraryDetailsView.swift */; };
		BE6C0C702C1004090008F986 /* ErrorHandling.swift in Sources */ = {isa = PBXBuildFile; fileRef = BE6C0C6F2C1004090008F986 /* ErrorHandling.swift */; };
		BE6C0C722C10398C0008F986 /* fetchToken.swift in Sources */ = {isa = PBXBuildFile; fileRef = BE6C0C712C10398C0008F986 /* fetchToken.swift */; };
		BE6C0C742C104E5E0008F986 /* logoutUser.swift in Sources */ = {isa = PBXBuildFile; fileRef = BE6C0C732C104E5E0008F986 /* logoutUser.swift */; };
		BE6C0C772C1061250008F986 /* isValidText.swift in Sources */ = {isa = PBXBuildFile; fileRef = BE6C0C762C1061250008F986 /* isValidText.swift */; };
		BE836B152C073FCF00F56789 /* InputField.swift in Sources */ = {isa = PBXBuildFile; fileRef = BE836B142C073FCE00F56789 /* InputField.swift */; };
		BEA075A62C0D6C30005DD3F5 /* LogoutButton.swift in Sources */ = {isa = PBXBuildFile; fileRef = BEA075A52C0D6C30005DD3F5 /* LogoutButton.swift */; };
		BEF185A42C064FB0006CCD05 /* pustakApp.swift in Sources */ = {isa = PBXBuildFile; fileRef = BEF185A32C064FB0006CCD05 /* pustakApp.swift */; };
		BEF185A62C064FB0006CCD05 /* ContentView.swift in Sources */ = {isa = PBXBuildFile; fileRef = BEF185A52C064FB0006CCD05 /* ContentView.swift */; };
		BEF185A82C064FB3006CCD05 /* Assets.xcassets in Resources */ = {isa = PBXBuildFile; fileRef = BEF185A72C064FB3006CCD05 /* Assets.xcassets */; };
		BEF185AB2C064FB3006CCD05 /* Preview Assets.xcassets in Resources */ = {isa = PBXBuildFile; fileRef = BEF185AA2C064FB3006CCD05 /* Preview Assets.xcassets */; };
		BEF185B22C065ADD006CCD05 /* InitialView.swift in Sources */ = {isa = PBXBuildFile; fileRef = BEF185B12C065ADD006CCD05 /* InitialView.swift */; };
		BEF185BA2C0710B1006CCD05 /* NavLink.swift in Sources */ = {isa = PBXBuildFile; fileRef = BEF185B92C0710B1006CCD05 /* NavLink.swift */; };
		BEF185BC2C0711E5006CCD05 /* SignUpView.swift in Sources */ = {isa = PBXBuildFile; fileRef = BEF185BB2C0711E4006CCD05 /* SignUpView.swift */; };
/* End PBXBuildFile section */

/* Begin PBXFileReference section */
		BE0791F72C0AEB0300424356 /* AdminMainView.swift */ = {isa = PBXFileReference; lastKnownFileType = sourcecode.swift; path = AdminMainView.swift; sourceTree = "<group>"; };
		BE0791FC2C0AEB7900424356 /* DataModel.swift */ = {isa = PBXFileReference; lastKnownFileType = sourcecode.swift; path = DataModel.swift; sourceTree = "<group>"; };
		BE0791FF2C0B411900424356 /* isValidEmail.swift */ = {isa = PBXFileReference; lastKnownFileType = sourcecode.swift; path = isValidEmail.swift; sourceTree = "<group>"; };
		BE0792012C0B42B100424356 /* AdminHomeView.swift */ = {isa = PBXFileReference; lastKnownFileType = sourcecode.swift; path = AdminHomeView.swift; sourceTree = "<group>"; };
		BE0792032C0B43AF00424356 /* AdminProfileView.swift */ = {isa = PBXFileReference; lastKnownFileType = sourcecode.swift; path = AdminProfileView.swift; sourceTree = "<group>"; };
		BE0792052C0B43F500424356 /* AssignLibrarian.swift */ = {isa = PBXFileReference; lastKnownFileType = sourcecode.swift; path = AssignLibrarian.swift; sourceTree = "<group>"; };
		BE0792072C0B440000424356 /* AdminLibrariesView.swift */ = {isa = PBXFileReference; lastKnownFileType = sourcecode.swift; path = AdminLibrariesView.swift; sourceTree = "<group>"; };
		BE0792092C0B44EE00424356 /* LibrarianMainView.swift */ = {isa = PBXFileReference; lastKnownFileType = sourcecode.swift; path = LibrarianMainView.swift; sourceTree = "<group>"; };
		BE07920B2C0B451600424356 /* LibrarianHomeView.swift */ = {isa = PBXFileReference; lastKnownFileType = sourcecode.swift; path = LibrarianHomeView.swift; sourceTree = "<group>"; };
		BE07920D2C0B452200424356 /* LibrarianProfileView.swift */ = {isa = PBXFileReference; lastKnownFileType = sourcecode.swift; path = LibrarianProfileView.swift; sourceTree = "<group>"; };
		BE0792112C0B461E00424356 /* roleDecider.swift */ = {isa = PBXFileReference; lastKnownFileType = sourcecode.swift; path = roleDecider.swift; sourceTree = "<group>"; };
		BE0792152C0B4D4F00424356 /* loginUser.swift */ = {isa = PBXFileReference; lastKnownFileType = sourcecode.swift; path = loginUser.swift; sourceTree = "<group>"; };
		BE2E47A72C0C3F5500804CA7 /* API_URL.swift */ = {isa = PBXFileReference; lastKnownFileType = sourcecode.swift; path = API_URL.swift; sourceTree = "<group>"; };
		BE2E47A92C0C402000804CA7 /* Response.swift */ = {isa = PBXFileReference; lastKnownFileType = sourcecode.swift; path = Response.swift; sourceTree = "<group>"; };
		BE2E47AB2C0C7AE000804CA7 /* LibraryCard.swift */ = {isa = PBXFileReference; lastKnownFileType = sourcecode.swift; path = LibraryCard.swift; sourceTree = "<group>"; };
		BE2E47AD2C0C851C00804CA7 /* AddLibrary.swift */ = {isa = PBXFileReference; lastKnownFileType = sourcecode.swift; path = AddLibrary.swift; sourceTree = "<group>"; };
		BE2E47AF2C0CD0DF00804CA7 /* AddBookView.swift */ = {isa = PBXFileReference; lastKnownFileType = sourcecode.swift; path = AddBookView.swift; sourceTree = "<group>"; };
		BE2E47B12C0CF59000804CA7 /* MemberMainView.swift */ = {isa = PBXFileReference; lastKnownFileType = sourcecode.swift; name = MemberMainView.swift; path = pustak/Views/Librarian/MemberMainView.swift; sourceTree = SOURCE_ROOT; };
		BE2E47B32C0CF59D00804CA7 /* MemberHomeView.swift */ = {isa = PBXFileReference; lastKnownFileType = sourcecode.swift; name = MemberHomeView.swift; path = pustak/Views/Librarian/MemberHomeView.swift; sourceTree = SOURCE_ROOT; };
		BE2E47B52C0CF90300804CA7 /* AssignButton.swift */ = {isa = PBXFileReference; lastKnownFileType = sourcecode.swift; path = AssignButton.swift; sourceTree = "<group>"; };
		BE3C93A62C0A35FE0020AF6B /* APINetwork.swift */ = {isa = PBXFileReference; lastKnownFileType = sourcecode.swift; path = APINetwork.swift; sourceTree = "<group>"; };
		BE6C0C4B2C0EC1D10008F986 /* isValidNumber.swift */ = {isa = PBXFileReference; lastKnownFileType = sourcecode.swift; path = isValidNumber.swift; sourceTree = "<group>"; };
		BE6C0C4D2C0EC3890008F986 /* CustomLoader.swift */ = {isa = PBXFileReference; lastKnownFileType = sourcecode.swift; path = CustomLoader.swift; sourceTree = "<group>"; };
		BE6C0C4F2C0F05600008F986 /* getSetData.swift */ = {isa = PBXFileReference; lastKnownFileType = sourcecode.swift; path = getSetData.swift; sourceTree = "<group>"; };
		BE6C0C512C0F195C0008F986 /* AdminLibraryDetailsView.swift */ = {isa = PBXFileReference; lastKnownFileType = sourcecode.swift; path = AdminLibraryDetailsView.swift; sourceTree = "<group>"; };
		BE6C0C6F2C1004090008F986 /* ErrorHandling.swift */ = {isa = PBXFileReference; lastKnownFileType = sourcecode.swift; path = ErrorHandling.swift; sourceTree = "<group>"; };
		BE6C0C712C10398C0008F986 /* fetchToken.swift */ = {isa = PBXFileReference; lastKnownFileType = sourcecode.swift; path = fetchToken.swift; sourceTree = "<group>"; };
		BE6C0C732C104E5E0008F986 /* logoutUser.swift */ = {isa = PBXFileReference; lastKnownFileType = sourcecode.swift; path = logoutUser.swift; sourceTree = "<group>"; };
		BE6C0C752C10559C0008F986 /* Info.plist */ = {isa = PBXFileReference; lastKnownFileType = text.plist; path = Info.plist; sourceTree = "<group>"; };
		BE6C0C762C1061250008F986 /* isValidText.swift */ = {isa = PBXFileReference; lastKnownFileType = sourcecode.swift; path = isValidText.swift; sourceTree = "<group>"; };
		BE836B142C073FCE00F56789 /* InputField.swift */ = {isa = PBXFileReference; lastKnownFileType = sourcecode.swift; path = InputField.swift; sourceTree = "<group>"; };
		BEA075A52C0D6C30005DD3F5 /* LogoutButton.swift */ = {isa = PBXFileReference; lastKnownFileType = sourcecode.swift; path = LogoutButton.swift; sourceTree = "<group>"; };
		BEF185A02C064FB0006CCD05 /* pustak.app */ = {isa = PBXFileReference; explicitFileType = wrapper.application; includeInIndex = 0; path = pustak.app; sourceTree = BUILT_PRODUCTS_DIR; };
		BEF185A32C064FB0006CCD05 /* pustakApp.swift */ = {isa = PBXFileReference; lastKnownFileType = sourcecode.swift; path = pustakApp.swift; sourceTree = "<group>"; };
		BEF185A52C064FB0006CCD05 /* ContentView.swift */ = {isa = PBXFileReference; lastKnownFileType = sourcecode.swift; path = ContentView.swift; sourceTree = "<group>"; };
		BEF185A72C064FB3006CCD05 /* Assets.xcassets */ = {isa = PBXFileReference; lastKnownFileType = folder.assetcatalog; path = Assets.xcassets; sourceTree = "<group>"; };
		BEF185AA2C064FB3006CCD05 /* Preview Assets.xcassets */ = {isa = PBXFileReference; lastKnownFileType = folder.assetcatalog; path = "Preview Assets.xcassets"; sourceTree = "<group>"; };
		BEF185B12C065ADD006CCD05 /* InitialView.swift */ = {isa = PBXFileReference; lastKnownFileType = sourcecode.swift; path = InitialView.swift; sourceTree = "<group>"; };
		BEF185B92C0710B1006CCD05 /* NavLink.swift */ = {isa = PBXFileReference; lastKnownFileType = sourcecode.swift; path = NavLink.swift; sourceTree = "<group>"; };
		BEF185BB2C0711E4006CCD05 /* SignUpView.swift */ = {isa = PBXFileReference; lastKnownFileType = sourcecode.swift; path = SignUpView.swift; sourceTree = "<group>"; };
/* End PBXFileReference section */

/* Begin PBXFrameworksBuildPhase section */
		BEF1859D2C064FB0006CCD05 /* Frameworks */ = {
			isa = PBXFrameworksBuildPhase;
			buildActionMask = 2147483647;
			files = (
			);
			runOnlyForDeploymentPostprocessing = 0;
		};
/* End PBXFrameworksBuildPhase section */

/* Begin PBXGroup section */
		BE0791F52C0AEAB600424356 /* SignUp */ = {
			isa = PBXGroup;
			children = (
				BEF185B12C065ADD006CCD05 /* InitialView.swift */,
				BEF185BB2C0711E4006CCD05 /* SignUpView.swift */,
			);
			path = SignUp;
			sourceTree = "<group>";
		};
		BE0791F62C0AEAC100424356 /* Admin */ = {
			isa = PBXGroup;
			children = (
				BE0791F72C0AEB0300424356 /* AdminMainView.swift */,
				BE0792012C0B42B100424356 /* AdminHomeView.swift */,
				BE0792052C0B43F500424356 /* AssignLibrarian.swift */,
				BE0792072C0B440000424356 /* AdminLibrariesView.swift */,
				BE0792032C0B43AF00424356 /* AdminProfileView.swift */,
				BE2E47AD2C0C851C00804CA7 /* AddLibrary.swift */,
				BE6C0C512C0F195C0008F986 /* AdminLibraryDetailsView.swift */,
			);
			path = Admin;
			sourceTree = "<group>";
		};
		BE0791F92C0AEB0800424356 /* Librarian */ = {
			isa = PBXGroup;
			children = (
				BE0792092C0B44EE00424356 /* LibrarianMainView.swift */,
				BE07920B2C0B451600424356 /* LibrarianHomeView.swift */,
				BE07920D2C0B452200424356 /* LibrarianProfileView.swift */,
				BE2E47AF2C0CD0DF00804CA7 /* AddBookView.swift */,
			);
			path = Librarian;
			sourceTree = "<group>";
		};
		BE0791FA2C0AEB0F00424356 /* Member */ = {
			isa = PBXGroup;
			children = (
				BE2E47B12C0CF59000804CA7 /* MemberMainView.swift */,
				BE2E47B32C0CF59D00804CA7 /* MemberHomeView.swift */,
			);
			path = Member;
			sourceTree = "<group>";
		};
		BE0791FB2C0AEB6100424356 /* Data Model */ = {
			isa = PBXGroup;
			children = (
				BE0791FC2C0AEB7900424356 /* DataModel.swift */,
			);
			path = "Data Model";
			sourceTree = "<group>";
		};
		BE0791FE2C0B40F700424356 /* Helper Functions */ = {
			isa = PBXGroup;
			children = (
				BE0791FF2C0B411900424356 /* isValidEmail.swift */,
				BE0792112C0B461E00424356 /* roleDecider.swift */,
				BE0792152C0B4D4F00424356 /* loginUser.swift */,
				BE6C0C4B2C0EC1D10008F986 /* isValidNumber.swift */,
				BE6C0C4F2C0F05600008F986 /* getSetData.swift */,
				BE6C0C712C10398C0008F986 /* fetchToken.swift */,
				BE6C0C732C104E5E0008F986 /* logoutUser.swift */,
				BE6C0C762C1061250008F986 /* isValidText.swift */,
			);
			path = "Helper Functions";
			sourceTree = "<group>";
		};
		BE2E47A62C0C3F3B00804CA7 /* API */ = {
			isa = PBXGroup;
			children = (
				BE3C93A62C0A35FE0020AF6B /* APINetwork.swift */,
				BE2E47A72C0C3F5500804CA7 /* API_URL.swift */,
				BE2E47A92C0C402000804CA7 /* Response.swift */,
				BE6C0C6F2C1004090008F986 /* ErrorHandling.swift */,
			);
			path = API;
			sourceTree = "<group>";
		};
		BEF185972C064FB0006CCD05 = {
			isa = PBXGroup;
			children = (
				BEF185A22C064FB0006CCD05 /* pustak */,
				BEF185A12C064FB0006CCD05 /* Products */,
			);
			sourceTree = "<group>";
		};
		BEF185A12C064FB0006CCD05 /* Products */ = {
			isa = PBXGroup;
			children = (
				BEF185A02C064FB0006CCD05 /* pustak.app */,
			);
			name = Products;
			sourceTree = "<group>";
		};
		BEF185A22C064FB0006CCD05 /* pustak */ = {
			isa = PBXGroup;
			children = (
				BE6C0C752C10559C0008F986 /* Info.plist */,
				BE0791FE2C0B40F700424356 /* Helper Functions */,
				BE0791FB2C0AEB6100424356 /* Data Model */,
				BE2E47A62C0C3F3B00804CA7 /* API */,
				BEF185A32C064FB0006CCD05 /* pustakApp.swift */,
				BEF185A52C064FB0006CCD05 /* ContentView.swift */,
				BEF185B82C071008006CCD05 /* Components */,
				BEF185B32C065B19006CCD05 /* Views */,
				BEF185A72C064FB3006CCD05 /* Assets.xcassets */,
				BEF185A92C064FB3006CCD05 /* Preview Content */,
			);
			path = pustak;
			sourceTree = "<group>";
		};
		BEF185A92C064FB3006CCD05 /* Preview Content */ = {
			isa = PBXGroup;
			children = (
				BEF185AA2C064FB3006CCD05 /* Preview Assets.xcassets */,
			);
			path = "Preview Content";
			sourceTree = "<group>";
		};
		BEF185B32C065B19006CCD05 /* Views */ = {
			isa = PBXGroup;
			children = (
				BE0791FA2C0AEB0F00424356 /* Member */,
				BE0791F92C0AEB0800424356 /* Librarian */,
				BE0791F62C0AEAC100424356 /* Admin */,
				BE0791F52C0AEAB600424356 /* SignUp */,
			);
			path = Views;
			sourceTree = "<group>";
		};
		BEF185B82C071008006CCD05 /* Components */ = {
			isa = PBXGroup;
			children = (
				BEF185B92C0710B1006CCD05 /* NavLink.swift */,
				BE836B142C073FCE00F56789 /* InputField.swift */,
				BE2E47AB2C0C7AE000804CA7 /* LibraryCard.swift */,
				BE2E47B52C0CF90300804CA7 /* AssignButton.swift */,
				BEA075A52C0D6C30005DD3F5 /* LogoutButton.swift */,
				BE6C0C4D2C0EC3890008F986 /* CustomLoader.swift */,
			);
			path = Components;
			sourceTree = "<group>";
		};
/* End PBXGroup section */

/* Begin PBXNativeTarget section */
		BEF1859F2C064FB0006CCD05 /* pustak */ = {
			isa = PBXNativeTarget;
			buildConfigurationList = BEF185AE2C064FB3006CCD05 /* Build configuration list for PBXNativeTarget "pustak" */;
			buildPhases = (
				BEF1859C2C064FB0006CCD05 /* Sources */,
				BEF1859D2C064FB0006CCD05 /* Frameworks */,
				BEF1859E2C064FB0006CCD05 /* Resources */,
			);
			buildRules = (
			);
			dependencies = (
			);
			name = pustak;
			productName = pustak;
			productReference = BEF185A02C064FB0006CCD05 /* pustak.app */;
			productType = "com.apple.product-type.application";
		};
/* End PBXNativeTarget section */

/* Begin PBXProject section */
		BEF185982C064FB0006CCD05 /* Project object */ = {
			isa = PBXProject;
			attributes = {
				BuildIndependentTargetsInParallel = 1;
				LastSwiftUpdateCheck = 1540;
				LastUpgradeCheck = 1540;
				TargetAttributes = {
					BEF1859F2C064FB0006CCD05 = {
						CreatedOnToolsVersion = 15.4;
					};
				};
			};
			buildConfigurationList = BEF1859B2C064FB0006CCD05 /* Build configuration list for PBXProject "pustak" */;
			compatibilityVersion = "Xcode 14.0";
			developmentRegion = en;
			hasScannedForEncodings = 0;
			knownRegions = (
				en,
				Base,
			);
			mainGroup = BEF185972C064FB0006CCD05;
			productRefGroup = BEF185A12C064FB0006CCD05 /* Products */;
			projectDirPath = "";
			projectRoot = "";
			targets = (
				BEF1859F2C064FB0006CCD05 /* pustak */,
			);
		};
/* End PBXProject section */

/* Begin PBXResourcesBuildPhase section */
		BEF1859E2C064FB0006CCD05 /* Resources */ = {
			isa = PBXResourcesBuildPhase;
			buildActionMask = 2147483647;
			files = (
				BEF185AB2C064FB3006CCD05 /* Preview Assets.xcassets in Resources */,
				BEF185A82C064FB3006CCD05 /* Assets.xcassets in Resources */,
			);
			runOnlyForDeploymentPostprocessing = 0;
		};
/* End PBXResourcesBuildPhase section */

/* Begin PBXSourcesBuildPhase section */
		BEF1859C2C064FB0006CCD05 /* Sources */ = {
			isa = PBXSourcesBuildPhase;
			buildActionMask = 2147483647;
			files = (
				BE0792082C0B440000424356 /* AdminLibrariesView.swift in Sources */,
				BEF185B22C065ADD006CCD05 /* InitialView.swift in Sources */,
				BE6C0C4C2C0EC1D10008F986 /* isValidNumber.swift in Sources */,
				BE0792002C0B411900424356 /* isValidEmail.swift in Sources */,
				BEF185BA2C0710B1006CCD05 /* NavLink.swift in Sources */,
				BE836B152C073FCF00F56789 /* InputField.swift in Sources */,
				BE6C0C702C1004090008F986 /* ErrorHandling.swift in Sources */,
				BE0792022C0B42B100424356 /* AdminHomeView.swift in Sources */,
				BEF185A62C064FB0006CCD05 /* ContentView.swift in Sources */,
				BE07920E2C0B452200424356 /* LibrarianProfileView.swift in Sources */,
				BE0792042C0B43AF00424356 /* AdminProfileView.swift in Sources */,
				BE6C0C742C104E5E0008F986 /* logoutUser.swift in Sources */,
				BEF185BC2C0711E5006CCD05 /* SignUpView.swift in Sources */,
				BE6C0C4E2C0EC3890008F986 /* CustomLoader.swift in Sources */,
				BE07920A2C0B44EE00424356 /* LibrarianMainView.swift in Sources */,
				BE6C0C502C0F05600008F986 /* getSetData.swift in Sources */,
				BE2E47AA2C0C402000804CA7 /* Response.swift in Sources */,
				BE2E47B62C0CF90300804CA7 /* AssignButton.swift in Sources */,
				BE0792162C0B4D4F00424356 /* loginUser.swift in Sources */,
				BE2E47B22C0CF59000804CA7 /* MemberMainView.swift in Sources */,
				BEA075A62C0D6C30005DD3F5 /* LogoutButton.swift in Sources */,
				BE6C0C772C1061250008F986 /* isValidText.swift in Sources */,
				BE0792122C0B461E00424356 /* roleDecider.swift in Sources */,
				BE07920C2C0B451600424356 /* LibrarianHomeView.swift in Sources */,
				BEF185A42C064FB0006CCD05 /* pustakApp.swift in Sources */,
				BE3C93A72C0A35FE0020AF6B /* APINetwork.swift in Sources */,
				BE6C0C522C0F195C0008F986 /* AdminLibraryDetailsView.swift in Sources */,
				BE2E47A82C0C3F5500804CA7 /* API_URL.swift in Sources */,
				BE6C0C722C10398C0008F986 /* fetchToken.swift in Sources */,
				BE2E47AE2C0C851C00804CA7 /* AddLibrary.swift in Sources */,
				BE2E47B02C0CD0DF00804CA7 /* AddBookView.swift in Sources */,
				BE0791F82C0AEB0300424356 /* AdminMainView.swift in Sources */,
				BE0791FD2C0AEB7900424356 /* DataModel.swift in Sources */,
				BE0792062C0B43F500424356 /* AssignLibrarian.swift in Sources */,
				BE2E47AC2C0C7AE000804CA7 /* LibraryCard.swift in Sources */,
				BE2E47B42C0CF59D00804CA7 /* MemberHomeView.swift in Sources */,
			);
			runOnlyForDeploymentPostprocessing = 0;
		};
/* End PBXSourcesBuildPhase section */

/* Begin XCBuildConfiguration section */
		BEF185AC2C064FB3006CCD05 /* Debug */ = {
			isa = XCBuildConfiguration;
			buildSettings = {
				ALWAYS_SEARCH_USER_PATHS = NO;
				ASSETCATALOG_COMPILER_GENERATE_SWIFT_ASSET_SYMBOL_EXTENSIONS = YES;
				CLANG_ANALYZER_NONNULL = YES;
				CLANG_ANALYZER_NUMBER_OBJECT_CONVERSION = YES_AGGRESSIVE;
				CLANG_CXX_LANGUAGE_STANDARD = "gnu++20";
				CLANG_ENABLE_MODULES = YES;
				CLANG_ENABLE_OBJC_ARC = YES;
				CLANG_ENABLE_OBJC_WEAK = YES;
				CLANG_WARN_BLOCK_CAPTURE_AUTORELEASING = YES;
				CLANG_WARN_BOOL_CONVERSION = YES;
				CLANG_WARN_COMMA = YES;
				CLANG_WARN_CONSTANT_CONVERSION = YES;
				CLANG_WARN_DEPRECATED_OBJC_IMPLEMENTATIONS = YES;
				CLANG_WARN_DIRECT_OBJC_ISA_USAGE = YES_ERROR;
				CLANG_WARN_DOCUMENTATION_COMMENTS = YES;
				CLANG_WARN_EMPTY_BODY = YES;
				CLANG_WARN_ENUM_CONVERSION = YES;
				CLANG_WARN_INFINITE_RECURSION = YES;
				CLANG_WARN_INT_CONVERSION = YES;
				CLANG_WARN_NON_LITERAL_NULL_CONVERSION = YES;
				CLANG_WARN_OBJC_IMPLICIT_RETAIN_SELF = YES;
				CLANG_WARN_OBJC_LITERAL_CONVERSION = YES;
				CLANG_WARN_OBJC_ROOT_CLASS = YES_ERROR;
				CLANG_WARN_QUOTED_INCLUDE_IN_FRAMEWORK_HEADER = YES;
				CLANG_WARN_RANGE_LOOP_ANALYSIS = YES;
				CLANG_WARN_STRICT_PROTOTYPES = YES;
				CLANG_WARN_SUSPICIOUS_MOVE = YES;
				CLANG_WARN_UNGUARDED_AVAILABILITY = YES_AGGRESSIVE;
				CLANG_WARN_UNREACHABLE_CODE = YES;
				CLANG_WARN__DUPLICATE_METHOD_MATCH = YES;
				COPY_PHASE_STRIP = NO;
				DEBUG_INFORMATION_FORMAT = dwarf;
				ENABLE_STRICT_OBJC_MSGSEND = YES;
				ENABLE_TESTABILITY = YES;
				ENABLE_USER_SCRIPT_SANDBOXING = YES;
				GCC_C_LANGUAGE_STANDARD = gnu17;
				GCC_DYNAMIC_NO_PIC = NO;
				GCC_NO_COMMON_BLOCKS = YES;
				GCC_OPTIMIZATION_LEVEL = 0;
				GCC_PREPROCESSOR_DEFINITIONS = (
					"DEBUG=1",
					"$(inherited)",
				);
				GCC_WARN_64_TO_32_BIT_CONVERSION = YES;
				GCC_WARN_ABOUT_RETURN_TYPE = YES_ERROR;
				GCC_WARN_UNDECLARED_SELECTOR = YES;
				GCC_WARN_UNINITIALIZED_AUTOS = YES_AGGRESSIVE;
				GCC_WARN_UNUSED_FUNCTION = YES;
				GCC_WARN_UNUSED_VARIABLE = YES;
				IPHONEOS_DEPLOYMENT_TARGET = 17.5;
				LOCALIZATION_PREFERS_STRING_CATALOGS = YES;
				MTL_ENABLE_DEBUG_INFO = INCLUDE_SOURCE;
				MTL_FAST_MATH = YES;
				ONLY_ACTIVE_ARCH = YES;
				SDKROOT = iphoneos;
				SWIFT_ACTIVE_COMPILATION_CONDITIONS = "DEBUG $(inherited)";
				SWIFT_OPTIMIZATION_LEVEL = "-Onone";
			};
			name = Debug;
		};
		BEF185AD2C064FB3006CCD05 /* Release */ = {
			isa = XCBuildConfiguration;
			buildSettings = {
				ALWAYS_SEARCH_USER_PATHS = NO;
				ASSETCATALOG_COMPILER_GENERATE_SWIFT_ASSET_SYMBOL_EXTENSIONS = YES;
				CLANG_ANALYZER_NONNULL = YES;
				CLANG_ANALYZER_NUMBER_OBJECT_CONVERSION = YES_AGGRESSIVE;
				CLANG_CXX_LANGUAGE_STANDARD = "gnu++20";
				CLANG_ENABLE_MODULES = YES;
				CLANG_ENABLE_OBJC_ARC = YES;
				CLANG_ENABLE_OBJC_WEAK = YES;
				CLANG_WARN_BLOCK_CAPTURE_AUTORELEASING = YES;
				CLANG_WARN_BOOL_CONVERSION = YES;
				CLANG_WARN_COMMA = YES;
				CLANG_WARN_CONSTANT_CONVERSION = YES;
				CLANG_WARN_DEPRECATED_OBJC_IMPLEMENTATIONS = YES;
				CLANG_WARN_DIRECT_OBJC_ISA_USAGE = YES_ERROR;
				CLANG_WARN_DOCUMENTATION_COMMENTS = YES;
				CLANG_WARN_EMPTY_BODY = YES;
				CLANG_WARN_ENUM_CONVERSION = YES;
				CLANG_WARN_INFINITE_RECURSION = YES;
				CLANG_WARN_INT_CONVERSION = YES;
				CLANG_WARN_NON_LITERAL_NULL_CONVERSION = YES;
				CLANG_WARN_OBJC_IMPLICIT_RETAIN_SELF = YES;
				CLANG_WARN_OBJC_LITERAL_CONVERSION = YES;
				CLANG_WARN_OBJC_ROOT_CLASS = YES_ERROR;
				CLANG_WARN_QUOTED_INCLUDE_IN_FRAMEWORK_HEADER = YES;
				CLANG_WARN_RANGE_LOOP_ANALYSIS = YES;
				CLANG_WARN_STRICT_PROTOTYPES = YES;
				CLANG_WARN_SUSPICIOUS_MOVE = YES;
				CLANG_WARN_UNGUARDED_AVAILABILITY = YES_AGGRESSIVE;
				CLANG_WARN_UNREACHABLE_CODE = YES;
				CLANG_WARN__DUPLICATE_METHOD_MATCH = YES;
				COPY_PHASE_STRIP = NO;
				DEBUG_INFORMATION_FORMAT = "dwarf-with-dsym";
				ENABLE_NS_ASSERTIONS = NO;
				ENABLE_STRICT_OBJC_MSGSEND = YES;
				ENABLE_USER_SCRIPT_SANDBOXING = YES;
				GCC_C_LANGUAGE_STANDARD = gnu17;
				GCC_NO_COMMON_BLOCKS = YES;
				GCC_WARN_64_TO_32_BIT_CONVERSION = YES;
				GCC_WARN_ABOUT_RETURN_TYPE = YES_ERROR;
				GCC_WARN_UNDECLARED_SELECTOR = YES;
				GCC_WARN_UNINITIALIZED_AUTOS = YES_AGGRESSIVE;
				GCC_WARN_UNUSED_FUNCTION = YES;
				GCC_WARN_UNUSED_VARIABLE = YES;
				IPHONEOS_DEPLOYMENT_TARGET = 17.5;
				LOCALIZATION_PREFERS_STRING_CATALOGS = YES;
				MTL_ENABLE_DEBUG_INFO = NO;
				MTL_FAST_MATH = YES;
				SDKROOT = iphoneos;
				SWIFT_COMPILATION_MODE = wholemodule;
				VALIDATE_PRODUCT = YES;
			};
			name = Release;
		};
		BEF185AF2C064FB3006CCD05 /* Debug */ = {
			isa = XCBuildConfiguration;
			buildSettings = {
				ASSETCATALOG_COMPILER_APPICON_NAME = AppIcon;
				ASSETCATALOG_COMPILER_GLOBAL_ACCENT_COLOR_NAME = AccentColor;
				CODE_SIGN_STYLE = Automatic;
				CURRENT_PROJECT_VERSION = 1;
				DEVELOPMENT_ASSET_PATHS = "\"pustak/Preview Content\"";
				DEVELOPMENT_TEAM = 96C2CC682C;
				ENABLE_PREVIEWS = YES;
				GENERATE_INFOPLIST_FILE = YES;
				INFOPLIST_FILE = pustak/Info.plist;
				INFOPLIST_KEY_UIApplicationSceneManifest_Generation = YES;
				INFOPLIST_KEY_UIApplicationSupportsIndirectInputEvents = YES;
				INFOPLIST_KEY_UILaunchScreen_Generation = YES;
				INFOPLIST_KEY_UISupportedInterfaceOrientations_iPad = "UIInterfaceOrientationPortrait UIInterfaceOrientationPortraitUpsideDown UIInterfaceOrientationLandscapeLeft UIInterfaceOrientationLandscapeRight";
				INFOPLIST_KEY_UISupportedInterfaceOrientations_iPhone = "UIInterfaceOrientationPortrait UIInterfaceOrientationLandscapeLeft UIInterfaceOrientationLandscapeRight";
				LD_RUNPATH_SEARCH_PATHS = (
					"$(inherited)",
					"@executable_path/Frameworks",
				);
				MARKETING_VERSION = 1.0;
				PRODUCT_BUNDLE_IDENTIFIER = librarymanagement.pustak;
				PRODUCT_NAME = "$(TARGET_NAME)";
				SWIFT_EMIT_LOC_STRINGS = YES;
				SWIFT_VERSION = 5.0;
				TARGETED_DEVICE_FAMILY = "1,2";
			};
			name = Debug;
		};
		BEF185B02C064FB3006CCD05 /* Release */ = {
			isa = XCBuildConfiguration;
			buildSettings = {
				ASSETCATALOG_COMPILER_APPICON_NAME = AppIcon;
				ASSETCATALOG_COMPILER_GLOBAL_ACCENT_COLOR_NAME = AccentColor;
				CODE_SIGN_STYLE = Automatic;
				CURRENT_PROJECT_VERSION = 1;
				DEVELOPMENT_ASSET_PATHS = "\"pustak/Preview Content\"";
				DEVELOPMENT_TEAM = 96C2CC682C;
				ENABLE_PREVIEWS = YES;
				GENERATE_INFOPLIST_FILE = YES;
				INFOPLIST_FILE = pustak/Info.plist;
				INFOPLIST_KEY_UIApplicationSceneManifest_Generation = YES;
				INFOPLIST_KEY_UIApplicationSupportsIndirectInputEvents = YES;
				INFOPLIST_KEY_UILaunchScreen_Generation = YES;
				INFOPLIST_KEY_UISupportedInterfaceOrientations_iPad = "UIInterfaceOrientationPortrait UIInterfaceOrientationPortraitUpsideDown UIInterfaceOrientationLandscapeLeft UIInterfaceOrientationLandscapeRight";
				INFOPLIST_KEY_UISupportedInterfaceOrientations_iPhone = "UIInterfaceOrientationPortrait UIInterfaceOrientationLandscapeLeft UIInterfaceOrientationLandscapeRight";
				LD_RUNPATH_SEARCH_PATHS = (
					"$(inherited)",
					"@executable_path/Frameworks",
				);
				MARKETING_VERSION = 1.0;
				PRODUCT_BUNDLE_IDENTIFIER = librarymanagement.pustak;
				PRODUCT_NAME = "$(TARGET_NAME)";
				SWIFT_EMIT_LOC_STRINGS = YES;
				SWIFT_VERSION = 5.0;
				TARGETED_DEVICE_FAMILY = "1,2";
			};
			name = Release;
		};
/* End XCBuildConfiguration section */

/* Begin XCConfigurationList section */
		BEF1859B2C064FB0006CCD05 /* Build configuration list for PBXProject "pustak" */ = {
			isa = XCConfigurationList;
			buildConfigurations = (
				BEF185AC2C064FB3006CCD05 /* Debug */,
				BEF185AD2C064FB3006CCD05 /* Release */,
			);
			defaultConfigurationIsVisible = 0;
			defaultConfigurationName = Release;
		};
		BEF185AE2C064FB3006CCD05 /* Build configuration list for PBXNativeTarget "pustak" */ = {
			isa = XCConfigurationList;
			buildConfigurations = (
				BEF185AF2C064FB3006CCD05 /* Debug */,
				BEF185B02C064FB3006CCD05 /* Release */,
			);
			defaultConfigurationIsVisible = 0;
			defaultConfigurationName = Release;
		};
/* End XCConfigurationList section */
	};
	rootObject = BEF185982C064FB0006CCD05 /* Project object */;
}
